
Microsoft Visual Studio Solution File, Format Version 12.00
# Visual Studio Version 17
VisualStudioVersion = 17.0.31912.275
MinimumVisualStudioVersion = 10.0.40219.1
Project("{FAE04EC0-301F-11D3-BF4B-00C04F79EFBC}") = "Task 1 - NET Core Console app", "Task 1 - NET Core Console app\Task 1 - NET Core Console app.csproj", "{D94E0A78-5817-447C-B1AC-821065BB5BFF}"
EndProject
Global
	GlobalSection(SolutionConfigurationPlatforms) = preSolution
		Debug|Any CPU = Debug|Any CPU
		Release|Any CPU = Release|Any CPU
	EndGlobalSection
	GlobalSection(ProjectConfigurationPlatforms) = postSolution
		{D94E0A78-5817-447C-B1AC-821065BB5BFF}.Debug|Any CPU.ActiveCfg = Debug|Any CPU
		{D94E0A78-5817-447C-B1AC-821065BB5BFF}.Debug|Any CPU.Build.0 = Debug|Any CPU
		{D94E0A78-5817-447C-B1AC-821065BB5BFF}.Release|Any CPU.ActiveCfg = Release|Any CPU
		{D94E0A78-5817-447C-B1AC-821065BB5BFF}.Release|Any CPU.Build.0 = Release|Any CPU
	EndGlobalSection
	GlobalSection(SolutionProperties) = preSolution
		HideSolutionNode = FALSE
	EndGlobalSection
	GlobalSection(ExtensibilityGlobals) = postSolution
		SolutionGuid = {C84BA8A6-0229-473A-8E20-C27184F07246}
	EndGlobalSection
EndGlobal
